<?xml version="1.0" encoding="utf-8"?>
<Project ToolsVersion="4.0" xmlns="http://schemas.microsoft.com/developer/msbuild/2003">
  <ItemGroup>
    <Filter Include="Source Files">
      <UniqueIdentifier>{4FC737F1-C7A5-4376-A066-2A32D752A2FF}</UniqueIdentifier>
      <Extensions>cpp;c;cc;cxx;c++;cppm;ixx;def;odl;idl;hpj;bat;asm;asmx</Extensions>
    </Filter>
    <Filter Include="Header Files">
      <UniqueIdentifier>{93995380-89BD-4b04-88EB-625FBE52EBFB}</UniqueIdentifier>
      <Extensions>h;hh;hpp;hxx;h++;hm;inl;inc;ipp;xsd</Extensions>
    </Filter>
    <Filter Include="Resource Files">
      <UniqueIdentifier>{67DA6AB6-F800-4c08-8B7A-83BB121AAD01}</UniqueIdentifier>
      <Extensions>rc;ico;cur;bmp;dlg;rc2;rct;bin;rgs;gif;jpg;jpeg;jpe;resx;tiff;tif;png;wav;mfcribbon-ms</Extensions>
    </Filter>
    <Filter Include="Source Files\Modelo">
      <UniqueIdentifier>{6e5b167e-3f4a-48ba-b9a5-92a677c7f868}</UniqueIdentifier>
    </Filter>
    <Filter Include="Header Files\Modelo">
      <UniqueIdentifier>{ec1781fe-f98f-4fc6-990b-f99685bc1194}</UniqueIdentifier>
    </Filter>
    <Filter Include="Source Files\Presentador">
      <UniqueIdentifier>{3b88525c-5e30-45e6-ad59-423fab5f4ef7}</UniqueIdentifier>
    </Filter>
    <Filter Include="Header Files\Presentador">
      <UniqueIdentifier>{1c442bea-d0b6-472b-9d42-c0816c4f72e8}</UniqueIdentifier>
    </Filter>
  </ItemGroup>
  <ItemGroup>
    <ClCompile Include="FinalCPPQuarkDartsch.cpp">
      <Filter>Source Files</Filter>
    </ClCompile>
    <ClCompile Include="Vendedor.cpp">
      <Filter>Source Files\Modelo</Filter>
    </ClCompile>
    <ClCompile Include="Cotizacion.cpp">
      <Filter>Source Files\Modelo</Filter>
    </ClCompile>
    <ClCompile Include="Hora.cpp">
      <Filter>Source Files\Modelo</Filter>
    </ClCompile>
    <ClCompile Include="Fecha.cpp">
      <Filter>Source Files\Modelo</Filter>
    </ClCompile>
    <ClCompile Include="Prenda.cpp">
      <Filter>Source Files\Modelo</Filter>
    </ClCompile>
    <ClCompile Include="Tienda.cpp">
      <Filter>Source Files\Modelo</Filter>
    </ClCompile>
    <ClCompile Include="Pantalon.cpp">
      <Filter>Source Files\Modelo</Filter>
    </ClCompile>
    <ClCompile Include="Camisa.cpp">
      <Filter>Source Files\Modelo</Filter>
    </ClCompile>
    <ClCompile Include="Presentador.cpp">
      <Filter>Source Files\Presentador</Filter>
    </ClCompile>
  </ItemGroup>
  <ItemGroup>
    <ClInclude Include="Cotizacion.h">
      <Filter>Header Files\Modelo</Filter>
    </ClInclude>
    <ClInclude Include="Vendedor.h">
      <Filter>Header Files\Modelo</Filter>
    </ClInclude>
    <ClInclude Include="Hora.h">
      <Filter>Header Files\Modelo</Filter>
    </ClInclude>
    <ClInclude Include="Fecha.h">
      <Filter>Header Files\Modelo</Filter>
    </ClInclude>
    <ClInclude Include="Prenda.h">
      <Filter>Header Files\Modelo</Filter>
    </ClInclude>
    <ClInclude Include="Tienda.h">
      <Filter>Header Files\Modelo</Filter>
    </ClInclude>
    <ClInclude Include="Pantalon.h">
      <Filter>Header Files\Modelo</Filter>
    </ClInclude>
    <ClInclude Include="Camisa.h">
      <Filter>Header Files\Modelo</Filter>
    </ClInclude>
    <ClInclude Include="Presentador.h">
      <Filter>Header Files\Presentador</Filter>
    </ClInclude>
  </ItemGroup>
</Project>